// !$*UTF8*$!
{
	archiveVersion = 1;
	classes = {
	};
	objectVersion = 46;
	objects = {

/* Begin PBXFileReference section */
		D6EA23D61E5524DA007F2B6D /* ContextManager.swift */ = {isa = PBXFileReference; lastKnownFileType = sourcecode.swift; path = ContextManager.swift; sourceTree = "<group>"; };
		D6EA23D71E5524DA007F2B6D /* Context+WithStatement.swift */ = {isa = PBXFileReference; lastKnownFileType = sourcecode.swift; path = "Context+WithStatement.swift"; sourceTree = "<group>"; };
		D6EA23D81E5524DA007F2B6D /* CoreGraphicsContext.swift */ = {isa = PBXFileReference; lastKnownFileType = sourcecode.swift; path = CoreGraphicsContext.swift; sourceTree = "<group>"; };
		D6EA23DA1E5524DA007F2B6D /* DispatchGroupResultStore.swift */ = {isa = PBXFileReference; lastKnownFileType = sourcecode.swift; path = DispatchGroupResultStore.swift; sourceTree = "<group>"; };
		D6EA23DC1E5524DA007F2B6D /* Array+Extension.swift */ = {isa = PBXFileReference; lastKnownFileType = sourcecode.swift; path = "Array+Extension.swift"; sourceTree = "<group>"; };
		D6EA23DD1E5524DA007F2B6D /* Dictionary+Extention.swift */ = {isa = PBXFileReference; lastKnownFileType = sourcecode.swift; path = "Dictionary+Extention.swift"; sourceTree = "<group>"; };
		D6EA23DE1E5524DA007F2B6D /* Int+Extension.swift */ = {isa = PBXFileReference; lastKnownFileType = sourcecode.swift; path = "Int+Extension.swift"; sourceTree = "<group>"; };
		D6EA23DF1E5524DA007F2B6D /* NSData+Extension.swift */ = {isa = PBXFileReference; lastKnownFileType = sourcecode.swift; path = "NSData+Extension.swift"; sourceTree = "<group>"; };
		D6EA23E11E5524DA007F2B6D /* KeychainBackedTokenStorage.swift */ = {isa = PBXFileReference; lastKnownFileType = sourcecode.swift; path = KeychainBackedTokenStorage.swift; sourceTree = "<group>"; };
		D6EA23E31E5524DA007F2B6D /* BackgroundModelUpdater.swift */ = {isa = PBXFileReference; lastKnownFileType = sourcecode.swift; path = BackgroundModelUpdater.swift; sourceTree = "<group>"; };
		D6EA23E41E5524DA007F2B6D /* NetworkService.swift */ = {isa = PBXFileReference; lastKnownFileType = sourcecode.swift; path = NetworkService.swift; sourceTree = "<group>"; };
		D6EA23E51E5524DA007F2B6D /* OAuthNetworkService.swift */ = {isa = PBXFileReference; lastKnownFileType = sourcecode.swift; path = OAuthNetworkService.swift; sourceTree = "<group>"; };
		D6EA23E61E5524DA007F2B6D /* RemoteResultProtocol.swift */ = {isa = PBXFileReference; lastKnownFileType = sourcecode.swift; path = RemoteResultProtocol.swift; sourceTree = "<group>"; };
		D6EA23E91E5524DA007F2B6D /* UIColor+Extension.swift */ = {isa = PBXFileReference; lastKnownFileType = sourcecode.swift; path = "UIColor+Extension.swift"; sourceTree = "<group>"; };
		D6EA23EA1E5524DA007F2B6D /* UIFont+Extension.swift */ = {isa = PBXFileReference; lastKnownFileType = sourcecode.swift; path = "UIFont+Extension.swift"; sourceTree = "<group>"; };
		D6EA23EB1E55250B007F2B6D /* CoreDataContext.swift */ = {isa = PBXFileReference; lastKnownFileType = sourcecode.swift; path = CoreDataContext.swift; sourceTree = "<group>"; };
/* End PBXFileReference section */

/* Begin PBXGroup section */
		D6EA23CE1E5524CB007F2B6D = {
			isa = PBXGroup;
			children = (
				D6EA23D51E5524DA007F2B6D /* ContextManagers */,
				D6EA23D91E5524DA007F2B6D /* Dispatch */,
				D6EA23DB1E5524DA007F2B6D /* Foundation */,
				D6EA23E01E5524DA007F2B6D /* Keychain */,
				D6EA23E21E5524DA007F2B6D /* Networking */,
				D6EA23E71E5524DA007F2B6D /* UIKit */,
			);
			sourceTree = "<group>";
		};
		D6EA23D51E5524DA007F2B6D /* ContextManagers */ = {
			isa = PBXGroup;
			children = (
				D6EA23D61E5524DA007F2B6D /* ContextManager.swift */,
				D6EA23D71E5524DA007F2B6D /* Context+WithStatement.swift */,
				D6EA23D81E5524DA007F2B6D /* CoreGraphicsContext.swift */,
				D6EA23EB1E55250B007F2B6D /* CoreDataContext.swift */,
			);
			name = ContextManagers;
			path = ../ContextManagers;
			sourceTree = "<group>";
		};
		D6EA23D91E5524DA007F2B6D /* Dispatch */ = {
			isa = PBXGroup;
			children = (
				D6EA23DA1E5524DA007F2B6D /* DispatchGroupResultStore.swift */,
			);
			name = Dispatch;
			path = ../Dispatch;
			sourceTree = "<group>";
		};
		D6EA23DB1E5524DA007F2B6D /* Foundation */ = {
			isa = PBXGroup;
			children = (
				D6EA23DC1E5524DA007F2B6D /* Array+Extension.swift */,
				D6EA23DD1E5524DA007F2B6D /* Dictionary+Extention.swift */,
				D6EA23DE1E5524DA007F2B6D /* Int+Extension.swift */,
				D6EA23DF1E5524DA007F2B6D /* NSData+Extension.swift */,
			);
			name = Foundation;
			path = ../Foundation;
			sourceTree = "<group>";
		};
		D6EA23E01E5524DA007F2B6D /* Keychain */ = {
			isa = PBXGroup;
			children = (
				D6EA23E11E5524DA007F2B6D /* KeychainBackedTokenStorage.swift */,
			);
			name = Keychain;
			path = ../Keychain;
			sourceTree = "<group>";
		};
		D6EA23E21E5524DA007F2B6D /* Networking */ = {
			isa = PBXGroup;
			children = (
				D6EA23E31E5524DA007F2B6D /* BackgroundModelUpdater.swift */,
				D6EA23E41E5524DA007F2B6D /* NetworkService.swift */,
				D6EA23E51E5524DA007F2B6D /* OAuthNetworkService.swift */,
				D6EA23E61E5524DA007F2B6D /* RemoteResultProtocol.swift */,
			);
			name = Networking;
			path = ../Networking;
			sourceTree = "<group>";
		};
		D6EA23E71E5524DA007F2B6D /* UIKit */ = {
			isa = PBXGroup;
			children = (
				D6EA23E91E5524DA007F2B6D /* UIColor+Extension.swift */,
				D6EA23EA1E5524DA007F2B6D /* UIFont+Extension.swift */,
			);
			name = UIKit;
			path = ../UIKit;
			sourceTree = "<group>";
		};
/* End PBXGroup section */

/* Begin PBXProject section */
		D6EA23CF1E5524CB007F2B6D /* Project object */ = {
			isa = PBXProject;
			attributes = {
				LastUpgradeCheck = 0820;
			};
			buildConfigurationList = D6EA23D21E5524CB007F2B6D /* Build configuration list for PBXProject "Aero-Swift" */;
			compatibilityVersion = "Xcode 3.2";
			developmentRegion = English;
			hasScannedForEncodings = 0;
			knownRegions = (
				en,
			);
			mainGroup = D6EA23CE1E5524CB007F2B6D;
			projectDirPath = "";
			projectRoot = "";
			targets = (
			);
		};
/* End PBXProject section */

/* Begin XCBuildConfiguration section */
		D6EA23D31E5524CB007F2B6D /* Debug */ = {
			isa = XCBuildConfiguration;
			buildSettings = {
			};
			name = Debug;
		};
		D6EA23D41E5524CB007F2B6D /* Release */ = {
			isa = XCBuildConfiguration;
			buildSettings = {
			};
			name = Release;
		};
/* End XCBuildConfiguration section */

/* Begin XCConfigurationList section */
		D6EA23D21E5524CB007F2B6D /* Build configuration list for PBXProject "Aero-Swift" */ = {
			isa = XCConfigurationList;
			buildConfigurations = (
				D6EA23D31E5524CB007F2B6D /* Debug */,
				D6EA23D41E5524CB007F2B6D /* Release */,
			);
			defaultConfigurationIsVisible = 0;
			defaultConfigurationName = Release;
		};
/* End XCConfigurationList section */
	};
	rootObject = D6EA23CF1E5524CB007F2B6D /* Project object */;
}
